
Microsoft Visual Studio Solution File, Format Version 12.00
# Visual Studio Version 17
VisualStudioVersion = 17.4.33205.214
MinimumVisualStudioVersion = 10.0.40219.1
Project("{9A19103F-16F7-4668-BE54-9A1E7A4F7556}") = "FilumDLWPF", "FilumDLWPF.csproj", "{45352779-43B5-4342-A818-D4A43D070025}"
EndProject
Project("{2150E333-8FDC-42A3-9474-1A3956D46DE8}") = "Solution Items", "Solution Items", "{8C95E4EF-1365-4F6B-AAA7-E2A6E67B0F31}"
	ProjectSection(SolutionItems) = preProject
		.editorconfig = .editorconfig
	EndProjectSection
EndProject
Project("{54435603-DBB4-11D2-8724-00A0C9A8B90C}") = "FDLSetup", "..\FDLSetup\FDLSetup.vdproj", "{1F8B8DC0-A779-43DA-A0D1-E6AFC6576933}"
EndProject
Global
	GlobalSection(SolutionConfigurationPlatforms) = preSolution
		Debug|Any CPU = Debug|Any CPU
		Debug|ARM64 = Debug|ARM64
		Debug|x64 = Debug|x64
		Debug|x86 = Debug|x86
		Release|Any CPU = Release|Any CPU
		Release|ARM64 = Release|ARM64
		Release|x64 = Release|x64
		Release|x86 = Release|x86
	EndGlobalSection
	GlobalSection(ProjectConfigurationPlatforms) = postSolution
		{45352779-43B5-4342-A818-D4A43D070025}.Debug|Any CPU.ActiveCfg = Debug|Any CPU
		{45352779-43B5-4342-A818-D4A43D070025}.Debug|Any CPU.Build.0 = Debug|Any CPU
		{45352779-43B5-4342-A818-D4A43D070025}.Debug|ARM64.ActiveCfg = Debug|Any CPU
		{45352779-43B5-4342-A818-D4A43D070025}.Debug|ARM64.Build.0 = Debug|Any CPU
		{45352779-43B5-4342-A818-D4A43D070025}.Debug|x64.ActiveCfg = Debug|Any CPU
		{45352779-43B5-4342-A818-D4A43D070025}.Debug|x64.Build.0 = Debug|Any CPU
		{45352779-43B5-4342-A818-D4A43D070025}.Debug|x86.ActiveCfg = Debug|Any CPU
		{45352779-43B5-4342-A818-D4A43D070025}.Debug|x86.Build.0 = Debug|Any CPU
		{45352779-43B5-4342-A818-D4A43D070025}.Release|Any CPU.ActiveCfg = Release|Any CPU
		{45352779-43B5-4342-A818-D4A43D070025}.Release|Any CPU.Build.0 = Release|Any CPU
		{45352779-43B5-4342-A818-D4A43D070025}.Release|ARM64.ActiveCfg = Release|Any CPU
		{45352779-43B5-4342-A818-D4A43D070025}.Release|ARM64.Build.0 = Release|Any CPU
		{45352779-43B5-4342-A818-D4A43D070025}.Release|x64.ActiveCfg = Release|Any CPU
		{45352779-43B5-4342-A818-D4A43D070025}.Release|x64.Build.0 = Release|Any CPU
		{45352779-43B5-4342-A818-D4A43D070025}.Release|x86.ActiveCfg = Release|Any CPU
		{45352779-43B5-4342-A818-D4A43D070025}.Release|x86.Build.0 = Release|Any CPU
		{1F8B8DC0-A779-43DA-A0D1-E6AFC6576933}.Debug|Any CPU.ActiveCfg = Debug
		{1F8B8DC0-A779-43DA-A0D1-E6AFC6576933}.Debug|ARM64.ActiveCfg = Debug
		{1F8B8DC0-A779-43DA-A0D1-E6AFC6576933}.Debug|ARM64.Build.0 = Debug
		{1F8B8DC0-A779-43DA-A0D1-E6AFC6576933}.Debug|x64.ActiveCfg = Debug
		{1F8B8DC0-A779-43DA-A0D1-E6AFC6576933}.Debug|x64.Build.0 = Debug
		{1F8B8DC0-A779-43DA-A0D1-E6AFC6576933}.Debug|x86.ActiveCfg = Debug
		{1F8B8DC0-A779-43DA-A0D1-E6AFC6576933}.Debug|x86.Build.0 = Debug
		{1F8B8DC0-A779-43DA-A0D1-E6AFC6576933}.Release|Any CPU.ActiveCfg = Release
		{1F8B8DC0-A779-43DA-A0D1-E6AFC6576933}.Release|Any CPU.Build.0 = Release
		{1F8B8DC0-A779-43DA-A0D1-E6AFC6576933}.Release|ARM64.ActiveCfg = Release
		{1F8B8DC0-A779-43DA-A0D1-E6AFC6576933}.Release|ARM64.Build.0 = Release
		{1F8B8DC0-A779-43DA-A0D1-E6AFC6576933}.Release|x64.ActiveCfg = Release
		{1F8B8DC0-A779-43DA-A0D1-E6AFC6576933}.Release|x64.Build.0 = Release
		{1F8B8DC0-A779-43DA-A0D1-E6AFC6576933}.Release|x86.ActiveCfg = Release
		{1F8B8DC0-A779-43DA-A0D1-E6AFC6576933}.Release|x86.Build.0 = Release
	EndGlobalSection
	GlobalSection(SolutionProperties) = preSolution
		HideSolutionNode = FALSE
	EndGlobalSection
	GlobalSection(ExtensibilityGlobals) = postSolution
		SolutionGuid = {5938A885-8008-4202-9528-11A254155E7B}
	EndGlobalSection
EndGlobal
